
Microsoft Visual Studio Solution File, Format Version 12.00
# Visual Studio Version 17
VisualStudioVersion = 17.10.35004.147
MinimumVisualStudioVersion = 10.0.40219.1
Project("{FAE04EC0-301F-11D3-BF4B-00C04F79EFBC}") = "StudioReservation", "StudioReservation\StudioReservation.csproj", "{D090F0BA-4A1D-4C22-8A92-580C44AB4771}"
EndProject
Project("{2150E333-8FDC-42A3-9474-1A3956D46DE8}") = "MicroService", "MicroService", "{1813A646-DE8D-47B2-B813-B8304E4E817A}"
EndProject
Project("{2150E333-8FDC-42A3-9474-1A3956D46DE8}") = "Member", "Member", "{883BBFD7-EE98-49F1-A922-C73571192492}"
EndProject
Project("{2150E333-8FDC-42A3-9474-1A3956D46DE8}") = "Booking", "Booking", "{A5D626D1-191E-4A93-A735-64ABFB4B2ED8}"
EndProject
Project("{FAE04EC0-301F-11D3-BF4B-00C04F79EFBC}") = "StudioMember.Service.Contract", "StudioMember.Service.Contract\StudioMember.Service.Contract.csproj", "{1C82D02C-695F-4C80-8571-F653ACD0C66B}"
EndProject
Project("{FAE04EC0-301F-11D3-BF4B-00C04F79EFBC}") = "StudioMember.Service.Proxy", "StudioMember.Service.Proxy\StudioMember.Service.Proxy.csproj", "{0E7E7EF9-BD12-4564-AEA7-177ADEAEAC4D}"
EndProject
Project("{FAE04EC0-301F-11D3-BF4B-00C04F79EFBC}") = "StudioMember.Service.Host", "StudioMember.Service.Host\StudioMember.Service.Host.csproj", "{17ADB712-D2BF-4A34-9687-C6395AD1AF5F}"
EndProject
Project("{FAE04EC0-301F-11D3-BF4B-00C04F79EFBC}") = "StudioMember.Service", "StudioMember.Service\StudioMember.Service.csproj", "{6F3E19C9-53C7-4B06-81C5-93DE8B66D7C2}"
EndProject
Project("{FAE04EC0-301F-11D3-BF4B-00C04F79EFBC}") = "StudioReservation.BackOffice", "StudioReservation.BackOffice\StudioReservation.BackOffice.csproj", "{0DACEB4E-50BA-40BC-A611-9902E7121D34}"
EndProject
Global
	GlobalSection(SolutionConfigurationPlatforms) = preSolution
		Debug|Any CPU = Debug|Any CPU
		Release|Any CPU = Release|Any CPU
	EndGlobalSection
	GlobalSection(ProjectConfigurationPlatforms) = postSolution
		{D090F0BA-4A1D-4C22-8A92-580C44AB4771}.Debug|Any CPU.ActiveCfg = Debug|Any CPU
		{D090F0BA-4A1D-4C22-8A92-580C44AB4771}.Debug|Any CPU.Build.0 = Debug|Any CPU
		{D090F0BA-4A1D-4C22-8A92-580C44AB4771}.Release|Any CPU.ActiveCfg = Release|Any CPU
		{D090F0BA-4A1D-4C22-8A92-580C44AB4771}.Release|Any CPU.Build.0 = Release|Any CPU
		{1C82D02C-695F-4C80-8571-F653ACD0C66B}.Debug|Any CPU.ActiveCfg = Debug|Any CPU
		{1C82D02C-695F-4C80-8571-F653ACD0C66B}.Debug|Any CPU.Build.0 = Debug|Any CPU
		{1C82D02C-695F-4C80-8571-F653ACD0C66B}.Release|Any CPU.ActiveCfg = Release|Any CPU
		{1C82D02C-695F-4C80-8571-F653ACD0C66B}.Release|Any CPU.Build.0 = Release|Any CPU
		{0E7E7EF9-BD12-4564-AEA7-177ADEAEAC4D}.Debug|Any CPU.ActiveCfg = Debug|Any CPU
		{0E7E7EF9-BD12-4564-AEA7-177ADEAEAC4D}.Debug|Any CPU.Build.0 = Debug|Any CPU
		{0E7E7EF9-BD12-4564-AEA7-177ADEAEAC4D}.Release|Any CPU.ActiveCfg = Release|Any CPU
		{0E7E7EF9-BD12-4564-AEA7-177ADEAEAC4D}.Release|Any CPU.Build.0 = Release|Any CPU
		{17ADB712-D2BF-4A34-9687-C6395AD1AF5F}.Debug|Any CPU.ActiveCfg = Debug|Any CPU
		{17ADB712-D2BF-4A34-9687-C6395AD1AF5F}.Debug|Any CPU.Build.0 = Debug|Any CPU
		{17ADB712-D2BF-4A34-9687-C6395AD1AF5F}.Release|Any CPU.ActiveCfg = Release|Any CPU
		{17ADB712-D2BF-4A34-9687-C6395AD1AF5F}.Release|Any CPU.Build.0 = Release|Any CPU
		{6F3E19C9-53C7-4B06-81C5-93DE8B66D7C2}.Debug|Any CPU.ActiveCfg = Debug|Any CPU
		{6F3E19C9-53C7-4B06-81C5-93DE8B66D7C2}.Debug|Any CPU.Build.0 = Debug|Any CPU
		{6F3E19C9-53C7-4B06-81C5-93DE8B66D7C2}.Release|Any CPU.ActiveCfg = Release|Any CPU
		{6F3E19C9-53C7-4B06-81C5-93DE8B66D7C2}.Release|Any CPU.Build.0 = Release|Any CPU
		{0DACEB4E-50BA-40BC-A611-9902E7121D34}.Debug|Any CPU.ActiveCfg = Debug|Any CPU
		{0DACEB4E-50BA-40BC-A611-9902E7121D34}.Debug|Any CPU.Build.0 = Debug|Any CPU
		{0DACEB4E-50BA-40BC-A611-9902E7121D34}.Release|Any CPU.ActiveCfg = Release|Any CPU
		{0DACEB4E-50BA-40BC-A611-9902E7121D34}.Release|Any CPU.Build.0 = Release|Any CPU
	EndGlobalSection
	GlobalSection(SolutionProperties) = preSolution
		HideSolutionNode = FALSE
	EndGlobalSection
	GlobalSection(NestedProjects) = preSolution
		{883BBFD7-EE98-49F1-A922-C73571192492} = {1813A646-DE8D-47B2-B813-B8304E4E817A}
		{A5D626D1-191E-4A93-A735-64ABFB4B2ED8} = {1813A646-DE8D-47B2-B813-B8304E4E817A}
		{1C82D02C-695F-4C80-8571-F653ACD0C66B} = {883BBFD7-EE98-49F1-A922-C73571192492}
		{0E7E7EF9-BD12-4564-AEA7-177ADEAEAC4D} = {883BBFD7-EE98-49F1-A922-C73571192492}
		{17ADB712-D2BF-4A34-9687-C6395AD1AF5F} = {883BBFD7-EE98-49F1-A922-C73571192492}
		{6F3E19C9-53C7-4B06-81C5-93DE8B66D7C2} = {883BBFD7-EE98-49F1-A922-C73571192492}
	EndGlobalSection
	GlobalSection(ExtensibilityGlobals) = postSolution
		SolutionGuid = {85F4920E-691F-4DAF-9EA4-4B4CB4E33CF8}
	EndGlobalSection
EndGlobal
