
Microsoft Visual Studio Solution File, Format Version 12.00
# Visual Studio Version 17
VisualStudioVersion = 17.10.35004.147
MinimumVisualStudioVersion = 10.0.40219.1
Project("{FAE04EC0-301F-11D3-BF4B-00C04F79EFBC}") = "StudioReservation", "StudioReservation\StudioReservation.csproj", "{D090F0BA-4A1D-4C22-8A92-580C44AB4771}"
EndProject
Project("{2150E333-8FDC-42A3-9474-1A3956D46DE8}") = "Member", "Member", "{883BBFD7-EE98-49F1-A922-C73571192492}"
EndProject
Project("{2150E333-8FDC-42A3-9474-1A3956D46DE8}") = "Booking", "Booking", "{A5D626D1-191E-4A93-A735-64ABFB4B2ED8}"
EndProject
Project("{FAE04EC0-301F-11D3-BF4B-00C04F79EFBC}") = "StudioMember.Service.Contract", "StudioMember.Service.Contract\StudioMember.Service.Contract.csproj", "{1C82D02C-695F-4C80-8571-F653ACD0C66B}"
EndProject
Project("{FAE04EC0-301F-11D3-BF4B-00C04F79EFBC}") = "StudioMember.Service.Proxy", "StudioMember.Service.Proxy\StudioMember.Service.Proxy.csproj", "{0E7E7EF9-BD12-4564-AEA7-177ADEAEAC4D}"
EndProject
Project("{FAE04EC0-301F-11D3-BF4B-00C04F79EFBC}") = "StudioMember.Service.Host", "StudioMember.Service.Host\StudioMember.Service.Host.csproj", "{17ADB712-D2BF-4A34-9687-C6395AD1AF5F}"
EndProject
Project("{FAE04EC0-301F-11D3-BF4B-00C04F79EFBC}") = "StudioMember.Service", "StudioMember.Service\StudioMember.Service.csproj", "{6F3E19C9-53C7-4B06-81C5-93DE8B66D7C2}"
EndProject
Project("{2150E333-8FDC-42A3-9474-1A3956D46DE8}") = "Unit Test", "Unit Test", "{18411142-580F-466E-AB06-3DFB9471EB19}"
EndProject
Project("{FAE04EC0-301F-11D3-BF4B-00C04F79EFBC}") = "MemberService_Spec", "MemberService_Spec\MemberService_Spec.csproj", "{41B61302-E417-4250-BEA1-319DA29009AD}"
EndProject
Project("{FAE04EC0-301F-11D3-BF4B-00C04F79EFBC}") = "StudioReservation.Service", "StudioReservation.Service\StudioReservation.Service.csproj", "{60F2D8A5-4C34-472A-98A6-2002FD0D4B7A}"
EndProject
Project("{FAE04EC0-301F-11D3-BF4B-00C04F79EFBC}") = "StudioReservation.ADO", "StudioReservation.ADO\StudioReservation.ADO.csproj", "{F5CA7D55-628D-419A-9E48-FFFAE53E6709}"
EndProject
Project("{FAE04EC0-301F-11D3-BF4B-00C04F79EFBC}") = "StudioReservation.DataModel", "StudioReservation.DataModel\StudioReservation.DataModel.csproj", "{2C121AE3-206E-4D07-BC17-15BCA473E026}"
EndProject
Project("{FAE04EC0-301F-11D3-BF4B-00C04F79EFBC}") = "StudioReservation.Contract", "StudioReservation.Contract\StudioReservation.Contract.csproj", "{916D47FF-22BD-4F9A-B6BF-8FAEA3E4DA5F}"
EndProject
Project("{FAE04EC0-301F-11D3-BF4B-00C04F79EFBC}") = "StudioReservation.Proxy", "StudioReservation.Proxy\StudioReservation.Proxy.csproj", "{AEEF5D3F-F1EE-4780-BBE6-B049EE9A1540}"
EndProject
Project("{FAE04EC0-301F-11D3-BF4B-00C04F79EFBC}") = "StudioReservation.Host", "StudioReservation.Host\StudioReservation.Host.csproj", "{F1B6A617-A666-40C2-A3B9-C1AE2C1A5320}"
EndProject
Project("{FAE04EC0-301F-11D3-BF4B-00C04F79EFBC}") = "StudioReservation.BackOffice", "StudioReservation.BackOffice\StudioReservation.BackOffice.csproj", "{997E704D-A184-4391-814A-8A8647FC5832}"
EndProject
Project("{FAE04EC0-301F-11D3-BF4B-00C04F79EFBC}") = "TimeSlot_spec", "Booking_spec\TimeSlot_spec.csproj", "{93223655-F9EB-4E09-A78F-2670178E031E}"
EndProject
Project("{2150E333-8FDC-42A3-9474-1A3956D46DE8}") = "RoomType", "RoomType", "{ABEA4694-1F2F-462E-8A2C-C775C3D9DA45}"
EndProject
Project("{FAE04EC0-301F-11D3-BF4B-00C04F79EFBC}") = "StudioRoomType.ADO", "StudioRoomType.ADO\StudioRoomType.ADO.csproj", "{B5713C05-2423-443D-85FF-9188C01F1973}"
EndProject
Project("{FAE04EC0-301F-11D3-BF4B-00C04F79EFBC}") = "StudioRoomType.DataModel", "StudioRoomType.DataModel\StudioRoomType.DataModel.csproj", "{7AE51DF6-6B4B-4D86-871C-4A1E50B0CB79}"
EndProject
Project("{2150E333-8FDC-42A3-9474-1A3956D46DE8}") = "Miscellaneous", "Miscellaneous", "{769B01CB-3489-4249-B360-C37CAFA8EC7B}"
EndProject
Project("{FAE04EC0-301F-11D3-BF4B-00C04F79EFBC}") = "StudioMiscellaneous.Service", "StudioMiscellaneous.Service\StudioMiscellaneous.Service.csproj", "{E2BB1FA9-0A56-4D45-A671-6028A88E26BC}"
EndProject
Project("{FAE04EC0-301F-11D3-BF4B-00C04F79EFBC}") = "StudioMiscellaneous.Service.Host", "StudioMiscellaneous.Service.Host\StudioMiscellaneous.Service.Host.csproj", "{0AE5D2B0-CF72-4137-9947-3B62D9168483}"
EndProject
Project("{FAE04EC0-301F-11D3-BF4B-00C04F79EFBC}") = "StudioMiscellaneous.Service.Contract", "StudioMiscellaneous.Service.Contract\StudioMiscellaneous.Service.Contract.csproj", "{AFAB8F5E-ECDE-447C-8C0E-0F33DC26A68E}"
EndProject
Project("{FAE04EC0-301F-11D3-BF4B-00C04F79EFBC}") = "StudioMiscellaneous.Service.Proxy", "StudioMiscellaneous.Service.Proxy\StudioMiscellaneous.Service.Proxy.csproj", "{559D7497-8DF6-4707-A3BB-9AECA1E78F63}"
EndProject
Project("{FAE04EC0-301F-11D3-BF4B-00C04F79EFBC}") = "RedisConnection", "RedisConnection\RedisConnection.csproj", "{B445E7F9-DCCD-441D-A67B-85DD6AED86BF}"
EndProject
Project("{FAE04EC0-301F-11D3-BF4B-00C04F79EFBC}") = "StudioMember.DataModel", "StudioMember.DataModel\StudioMember.DataModel.csproj", "{1487C04F-30B0-450F-BA53-6FEBEC89F93A}"
EndProject
Global
	GlobalSection(SolutionConfigurationPlatforms) = preSolution
		Debug|Any CPU = Debug|Any CPU
		Release|Any CPU = Release|Any CPU
	EndGlobalSection
	GlobalSection(ProjectConfigurationPlatforms) = postSolution
		{D090F0BA-4A1D-4C22-8A92-580C44AB4771}.Debug|Any CPU.ActiveCfg = Debug|Any CPU
		{D090F0BA-4A1D-4C22-8A92-580C44AB4771}.Debug|Any CPU.Build.0 = Debug|Any CPU
		{D090F0BA-4A1D-4C22-8A92-580C44AB4771}.Release|Any CPU.ActiveCfg = Release|Any CPU
		{D090F0BA-4A1D-4C22-8A92-580C44AB4771}.Release|Any CPU.Build.0 = Release|Any CPU
		{1C82D02C-695F-4C80-8571-F653ACD0C66B}.Debug|Any CPU.ActiveCfg = Debug|Any CPU
		{1C82D02C-695F-4C80-8571-F653ACD0C66B}.Debug|Any CPU.Build.0 = Debug|Any CPU
		{1C82D02C-695F-4C80-8571-F653ACD0C66B}.Release|Any CPU.ActiveCfg = Release|Any CPU
		{1C82D02C-695F-4C80-8571-F653ACD0C66B}.Release|Any CPU.Build.0 = Release|Any CPU
		{0E7E7EF9-BD12-4564-AEA7-177ADEAEAC4D}.Debug|Any CPU.ActiveCfg = Debug|Any CPU
		{0E7E7EF9-BD12-4564-AEA7-177ADEAEAC4D}.Debug|Any CPU.Build.0 = Debug|Any CPU
		{0E7E7EF9-BD12-4564-AEA7-177ADEAEAC4D}.Release|Any CPU.ActiveCfg = Release|Any CPU
		{0E7E7EF9-BD12-4564-AEA7-177ADEAEAC4D}.Release|Any CPU.Build.0 = Release|Any CPU
		{17ADB712-D2BF-4A34-9687-C6395AD1AF5F}.Debug|Any CPU.ActiveCfg = Debug|Any CPU
		{17ADB712-D2BF-4A34-9687-C6395AD1AF5F}.Debug|Any CPU.Build.0 = Debug|Any CPU
		{17ADB712-D2BF-4A34-9687-C6395AD1AF5F}.Release|Any CPU.ActiveCfg = Release|Any CPU
		{17ADB712-D2BF-4A34-9687-C6395AD1AF5F}.Release|Any CPU.Build.0 = Release|Any CPU
		{6F3E19C9-53C7-4B06-81C5-93DE8B66D7C2}.Debug|Any CPU.ActiveCfg = Debug|Any CPU
		{6F3E19C9-53C7-4B06-81C5-93DE8B66D7C2}.Debug|Any CPU.Build.0 = Debug|Any CPU
		{6F3E19C9-53C7-4B06-81C5-93DE8B66D7C2}.Release|Any CPU.ActiveCfg = Release|Any CPU
		{6F3E19C9-53C7-4B06-81C5-93DE8B66D7C2}.Release|Any CPU.Build.0 = Release|Any CPU
		{41B61302-E417-4250-BEA1-319DA29009AD}.Debug|Any CPU.ActiveCfg = Debug|Any CPU
		{41B61302-E417-4250-BEA1-319DA29009AD}.Debug|Any CPU.Build.0 = Debug|Any CPU
		{41B61302-E417-4250-BEA1-319DA29009AD}.Release|Any CPU.ActiveCfg = Release|Any CPU
		{41B61302-E417-4250-BEA1-319DA29009AD}.Release|Any CPU.Build.0 = Release|Any CPU
		{60F2D8A5-4C34-472A-98A6-2002FD0D4B7A}.Debug|Any CPU.ActiveCfg = Debug|Any CPU
		{60F2D8A5-4C34-472A-98A6-2002FD0D4B7A}.Debug|Any CPU.Build.0 = Debug|Any CPU
		{60F2D8A5-4C34-472A-98A6-2002FD0D4B7A}.Release|Any CPU.ActiveCfg = Release|Any CPU
		{60F2D8A5-4C34-472A-98A6-2002FD0D4B7A}.Release|Any CPU.Build.0 = Release|Any CPU
		{F5CA7D55-628D-419A-9E48-FFFAE53E6709}.Debug|Any CPU.ActiveCfg = Debug|Any CPU
		{F5CA7D55-628D-419A-9E48-FFFAE53E6709}.Debug|Any CPU.Build.0 = Debug|Any CPU
		{F5CA7D55-628D-419A-9E48-FFFAE53E6709}.Release|Any CPU.ActiveCfg = Release|Any CPU
		{F5CA7D55-628D-419A-9E48-FFFAE53E6709}.Release|Any CPU.Build.0 = Release|Any CPU
		{2C121AE3-206E-4D07-BC17-15BCA473E026}.Debug|Any CPU.ActiveCfg = Debug|Any CPU
		{2C121AE3-206E-4D07-BC17-15BCA473E026}.Debug|Any CPU.Build.0 = Debug|Any CPU
		{2C121AE3-206E-4D07-BC17-15BCA473E026}.Release|Any CPU.ActiveCfg = Release|Any CPU
		{2C121AE3-206E-4D07-BC17-15BCA473E026}.Release|Any CPU.Build.0 = Release|Any CPU
		{916D47FF-22BD-4F9A-B6BF-8FAEA3E4DA5F}.Debug|Any CPU.ActiveCfg = Debug|Any CPU
		{916D47FF-22BD-4F9A-B6BF-8FAEA3E4DA5F}.Debug|Any CPU.Build.0 = Debug|Any CPU
		{916D47FF-22BD-4F9A-B6BF-8FAEA3E4DA5F}.Release|Any CPU.ActiveCfg = Release|Any CPU
		{916D47FF-22BD-4F9A-B6BF-8FAEA3E4DA5F}.Release|Any CPU.Build.0 = Release|Any CPU
		{AEEF5D3F-F1EE-4780-BBE6-B049EE9A1540}.Debug|Any CPU.ActiveCfg = Debug|Any CPU
		{AEEF5D3F-F1EE-4780-BBE6-B049EE9A1540}.Debug|Any CPU.Build.0 = Debug|Any CPU
		{AEEF5D3F-F1EE-4780-BBE6-B049EE9A1540}.Release|Any CPU.ActiveCfg = Release|Any CPU
		{AEEF5D3F-F1EE-4780-BBE6-B049EE9A1540}.Release|Any CPU.Build.0 = Release|Any CPU
		{F1B6A617-A666-40C2-A3B9-C1AE2C1A5320}.Debug|Any CPU.ActiveCfg = Debug|Any CPU
		{F1B6A617-A666-40C2-A3B9-C1AE2C1A5320}.Debug|Any CPU.Build.0 = Debug|Any CPU
		{F1B6A617-A666-40C2-A3B9-C1AE2C1A5320}.Release|Any CPU.ActiveCfg = Release|Any CPU
		{F1B6A617-A666-40C2-A3B9-C1AE2C1A5320}.Release|Any CPU.Build.0 = Release|Any CPU
		{997E704D-A184-4391-814A-8A8647FC5832}.Debug|Any CPU.ActiveCfg = Debug|Any CPU
		{997E704D-A184-4391-814A-8A8647FC5832}.Debug|Any CPU.Build.0 = Debug|Any CPU
		{997E704D-A184-4391-814A-8A8647FC5832}.Release|Any CPU.ActiveCfg = Release|Any CPU
		{997E704D-A184-4391-814A-8A8647FC5832}.Release|Any CPU.Build.0 = Release|Any CPU
		{93223655-F9EB-4E09-A78F-2670178E031E}.Debug|Any CPU.ActiveCfg = Debug|Any CPU
		{93223655-F9EB-4E09-A78F-2670178E031E}.Debug|Any CPU.Build.0 = Debug|Any CPU
		{93223655-F9EB-4E09-A78F-2670178E031E}.Release|Any CPU.ActiveCfg = Release|Any CPU
		{93223655-F9EB-4E09-A78F-2670178E031E}.Release|Any CPU.Build.0 = Release|Any CPU
		{B5713C05-2423-443D-85FF-9188C01F1973}.Debug|Any CPU.ActiveCfg = Debug|Any CPU
		{B5713C05-2423-443D-85FF-9188C01F1973}.Debug|Any CPU.Build.0 = Debug|Any CPU
		{B5713C05-2423-443D-85FF-9188C01F1973}.Release|Any CPU.ActiveCfg = Release|Any CPU
		{B5713C05-2423-443D-85FF-9188C01F1973}.Release|Any CPU.Build.0 = Release|Any CPU
		{7AE51DF6-6B4B-4D86-871C-4A1E50B0CB79}.Debug|Any CPU.ActiveCfg = Debug|Any CPU
		{7AE51DF6-6B4B-4D86-871C-4A1E50B0CB79}.Debug|Any CPU.Build.0 = Debug|Any CPU
		{7AE51DF6-6B4B-4D86-871C-4A1E50B0CB79}.Release|Any CPU.ActiveCfg = Release|Any CPU
		{7AE51DF6-6B4B-4D86-871C-4A1E50B0CB79}.Release|Any CPU.Build.0 = Release|Any CPU
		{E2BB1FA9-0A56-4D45-A671-6028A88E26BC}.Debug|Any CPU.ActiveCfg = Debug|Any CPU
		{E2BB1FA9-0A56-4D45-A671-6028A88E26BC}.Debug|Any CPU.Build.0 = Debug|Any CPU
		{E2BB1FA9-0A56-4D45-A671-6028A88E26BC}.Release|Any CPU.ActiveCfg = Release|Any CPU
		{E2BB1FA9-0A56-4D45-A671-6028A88E26BC}.Release|Any CPU.Build.0 = Release|Any CPU
		{0AE5D2B0-CF72-4137-9947-3B62D9168483}.Debug|Any CPU.ActiveCfg = Debug|Any CPU
		{0AE5D2B0-CF72-4137-9947-3B62D9168483}.Debug|Any CPU.Build.0 = Debug|Any CPU
		{0AE5D2B0-CF72-4137-9947-3B62D9168483}.Release|Any CPU.ActiveCfg = Release|Any CPU
		{0AE5D2B0-CF72-4137-9947-3B62D9168483}.Release|Any CPU.Build.0 = Release|Any CPU
		{AFAB8F5E-ECDE-447C-8C0E-0F33DC26A68E}.Debug|Any CPU.ActiveCfg = Debug|Any CPU
		{AFAB8F5E-ECDE-447C-8C0E-0F33DC26A68E}.Debug|Any CPU.Build.0 = Debug|Any CPU
		{AFAB8F5E-ECDE-447C-8C0E-0F33DC26A68E}.Release|Any CPU.ActiveCfg = Release|Any CPU
		{AFAB8F5E-ECDE-447C-8C0E-0F33DC26A68E}.Release|Any CPU.Build.0 = Release|Any CPU
		{559D7497-8DF6-4707-A3BB-9AECA1E78F63}.Debug|Any CPU.ActiveCfg = Debug|Any CPU
		{559D7497-8DF6-4707-A3BB-9AECA1E78F63}.Debug|Any CPU.Build.0 = Debug|Any CPU
		{559D7497-8DF6-4707-A3BB-9AECA1E78F63}.Release|Any CPU.ActiveCfg = Release|Any CPU
		{559D7497-8DF6-4707-A3BB-9AECA1E78F63}.Release|Any CPU.Build.0 = Release|Any CPU
		{B445E7F9-DCCD-441D-A67B-85DD6AED86BF}.Debug|Any CPU.ActiveCfg = Debug|Any CPU
		{B445E7F9-DCCD-441D-A67B-85DD6AED86BF}.Debug|Any CPU.Build.0 = Debug|Any CPU
		{B445E7F9-DCCD-441D-A67B-85DD6AED86BF}.Release|Any CPU.ActiveCfg = Release|Any CPU
		{B445E7F9-DCCD-441D-A67B-85DD6AED86BF}.Release|Any CPU.Build.0 = Release|Any CPU
		{1487C04F-30B0-450F-BA53-6FEBEC89F93A}.Debug|Any CPU.ActiveCfg = Debug|Any CPU
		{1487C04F-30B0-450F-BA53-6FEBEC89F93A}.Debug|Any CPU.Build.0 = Debug|Any CPU
		{1487C04F-30B0-450F-BA53-6FEBEC89F93A}.Release|Any CPU.ActiveCfg = Release|Any CPU
		{1487C04F-30B0-450F-BA53-6FEBEC89F93A}.Release|Any CPU.Build.0 = Release|Any CPU
	EndGlobalSection
	GlobalSection(SolutionProperties) = preSolution
		HideSolutionNode = FALSE
	EndGlobalSection
	GlobalSection(NestedProjects) = preSolution
		{1C82D02C-695F-4C80-8571-F653ACD0C66B} = {883BBFD7-EE98-49F1-A922-C73571192492}
		{0E7E7EF9-BD12-4564-AEA7-177ADEAEAC4D} = {883BBFD7-EE98-49F1-A922-C73571192492}
		{17ADB712-D2BF-4A34-9687-C6395AD1AF5F} = {883BBFD7-EE98-49F1-A922-C73571192492}
		{6F3E19C9-53C7-4B06-81C5-93DE8B66D7C2} = {883BBFD7-EE98-49F1-A922-C73571192492}
		{41B61302-E417-4250-BEA1-319DA29009AD} = {18411142-580F-466E-AB06-3DFB9471EB19}
		{60F2D8A5-4C34-472A-98A6-2002FD0D4B7A} = {A5D626D1-191E-4A93-A735-64ABFB4B2ED8}
		{F5CA7D55-628D-419A-9E48-FFFAE53E6709} = {A5D626D1-191E-4A93-A735-64ABFB4B2ED8}
		{2C121AE3-206E-4D07-BC17-15BCA473E026} = {A5D626D1-191E-4A93-A735-64ABFB4B2ED8}
		{916D47FF-22BD-4F9A-B6BF-8FAEA3E4DA5F} = {A5D626D1-191E-4A93-A735-64ABFB4B2ED8}
		{AEEF5D3F-F1EE-4780-BBE6-B049EE9A1540} = {A5D626D1-191E-4A93-A735-64ABFB4B2ED8}
		{F1B6A617-A666-40C2-A3B9-C1AE2C1A5320} = {A5D626D1-191E-4A93-A735-64ABFB4B2ED8}
		{93223655-F9EB-4E09-A78F-2670178E031E} = {18411142-580F-466E-AB06-3DFB9471EB19}
		{ABEA4694-1F2F-462E-8A2C-C775C3D9DA45} = {769B01CB-3489-4249-B360-C37CAFA8EC7B}
		{B5713C05-2423-443D-85FF-9188C01F1973} = {ABEA4694-1F2F-462E-8A2C-C775C3D9DA45}
		{7AE51DF6-6B4B-4D86-871C-4A1E50B0CB79} = {ABEA4694-1F2F-462E-8A2C-C775C3D9DA45}
		{E2BB1FA9-0A56-4D45-A671-6028A88E26BC} = {769B01CB-3489-4249-B360-C37CAFA8EC7B}
		{0AE5D2B0-CF72-4137-9947-3B62D9168483} = {769B01CB-3489-4249-B360-C37CAFA8EC7B}
		{AFAB8F5E-ECDE-447C-8C0E-0F33DC26A68E} = {769B01CB-3489-4249-B360-C37CAFA8EC7B}
		{559D7497-8DF6-4707-A3BB-9AECA1E78F63} = {769B01CB-3489-4249-B360-C37CAFA8EC7B}
		{1487C04F-30B0-450F-BA53-6FEBEC89F93A} = {883BBFD7-EE98-49F1-A922-C73571192492}
	EndGlobalSection
	GlobalSection(ExtensibilityGlobals) = postSolution
		SolutionGuid = {85F4920E-691F-4DAF-9EA4-4B4CB4E33CF8}
	EndGlobalSection
EndGlobal
